// !$*UTF8*$!
{
	archiveVersion = 1;
	classes = {
	};
	objectVersion = 46;
	objects = {

/* Begin PBXBuildFile section */
		006E60D71D4A575700F72CDB /* AppDelegate.swift in Sources */ = {isa = PBXBuildFile; fileRef = 006E60D61D4A575700F72CDB /* AppDelegate.swift */; };
		006E60D91D4A575700F72CDB /* ViewController.swift in Sources */ = {isa = PBXBuildFile; fileRef = 006E60D81D4A575700F72CDB /* ViewController.swift */; };
		006E60DC1D4A575700F72CDB /* Main.storyboard in Resources */ = {isa = PBXBuildFile; fileRef = 006E60DA1D4A575700F72CDB /* Main.storyboard */; };
		006E60DE1D4A575700F72CDB /* Assets.xcassets in Resources */ = {isa = PBXBuildFile; fileRef = 006E60DD1D4A575700F72CDB /* Assets.xcassets */; };
		006E60E11D4A575700F72CDB /* LaunchScreen.storyboard in Resources */ = {isa = PBXBuildFile; fileRef = 006E60DF1D4A575700F72CDB /* LaunchScreen.storyboard */; };
		006E60EC1D4A575700F72CDB /* swifty_companionTests.swift in Sources */ = {isa = PBXBuildFile; fileRef = 006E60EB1D4A575700F72CDB /* swifty_companionTests.swift */; };
		006E60F71D4A5E7900F72CDB /* Student.swift in Sources */ = {isa = PBXBuildFile; fileRef = 006E60F61D4A5E7900F72CDB /* Student.swift */; };
		006E60F81D4A5E7900F72CDB /* Student.swift in Sources */ = {isa = PBXBuildFile; fileRef = 006E60F61D4A5E7900F72CDB /* Student.swift */; };
/* End PBXBuildFile section */

/* Begin PBXContainerItemProxy section */
		006E60E81D4A575700F72CDB /* PBXContainerItemProxy */ = {
			isa = PBXContainerItemProxy;
			containerPortal = 006E60CB1D4A575700F72CDB /* Project object */;
			proxyType = 1;
			remoteGlobalIDString = 006E60D21D4A575700F72CDB;
			remoteInfo = "swifty-companion";
		};
/* End PBXContainerItemProxy section */

/* Begin PBXFileReference section */
		006E60D31D4A575700F72CDB /* swifty-companion.app */ = {isa = PBXFileReference; explicitFileType = wrapper.application; includeInIndex = 0; path = "swifty-companion.app"; sourceTree = BUILT_PRODUCTS_DIR; };
		006E60D61D4A575700F72CDB /* AppDelegate.swift */ = {isa = PBXFileReference; lastKnownFileType = sourcecode.swift; path = AppDelegate.swift; sourceTree = "<group>"; };
		006E60D81D4A575700F72CDB /* ViewController.swift */ = {isa = PBXFileReference; lastKnownFileType = sourcecode.swift; path = ViewController.swift; sourceTree = "<group>"; };
		006E60DB1D4A575700F72CDB /* Base */ = {isa = PBXFileReference; lastKnownFileType = file.storyboard; name = Base; path = Base.lproj/Main.storyboard; sourceTree = "<group>"; };
		006E60DD1D4A575700F72CDB /* Assets.xcassets */ = {isa = PBXFileReference; lastKnownFileType = folder.assetcatalog; path = Assets.xcassets; sourceTree = "<group>"; };
		006E60E01D4A575700F72CDB /* Base */ = {isa = PBXFileReference; lastKnownFileType = file.storyboard; name = Base; path = Base.lproj/LaunchScreen.storyboard; sourceTree = "<group>"; };
		006E60E21D4A575700F72CDB /* Info.plist */ = {isa = PBXFileReference; lastKnownFileType = text.plist.xml; path = Info.plist; sourceTree = "<group>"; };
		006E60E71D4A575700F72CDB /* swifty-companionTests.xctest */ = {isa = PBXFileReference; explicitFileType = wrapper.cfbundle; includeInIndex = 0; path = "swifty-companionTests.xctest"; sourceTree = BUILT_PRODUCTS_DIR; };
		006E60EB1D4A575700F72CDB /* swifty_companionTests.swift */ = {isa = PBXFileReference; lastKnownFileType = sourcecode.swift; path = swifty_companionTests.swift; sourceTree = "<group>"; };
		006E60ED1D4A575700F72CDB /* Info.plist */ = {isa = PBXFileReference; lastKnownFileType = text.plist.xml; path = Info.plist; sourceTree = "<group>"; };
		006E60F61D4A5E7900F72CDB /* Student.swift */ = {isa = PBXFileReference; fileEncoding = 4; lastKnownFileType = sourcecode.swift; path = Student.swift; sourceTree = "<group>"; };
/* End PBXFileReference section */

/* Begin PBXFrameworksBuildPhase section */
		006E60D01D4A575700F72CDB /* Frameworks */ = {
			isa = PBXFrameworksBuildPhase;
			buildActionMask = 2147483647;
			files = (
			);
			runOnlyForDeploymentPostprocessing = 0;
		};
		006E60E41D4A575700F72CDB /* Frameworks */ = {
			isa = PBXFrameworksBuildPhase;
			buildActionMask = 2147483647;
			files = (
			);
			runOnlyForDeploymentPostprocessing = 0;
		};
/* End PBXFrameworksBuildPhase section */

/* Begin PBXGroup section */
		006E60CA1D4A575700F72CDB = {
			isa = PBXGroup;
			children = (
				006E60D51D4A575700F72CDB /* swifty-companion */,
				006E60EA1D4A575700F72CDB /* swifty-companionTests */,
				006E60D41D4A575700F72CDB /* Products */,
			);
			sourceTree = "<group>";
		};
		006E60D41D4A575700F72CDB /* Products */ = {
			isa = PBXGroup;
			children = (
				006E60D31D4A575700F72CDB /* swifty-companion.app */,
				006E60E71D4A575700F72CDB /* swifty-companionTests.xctest */,
			);
			name = Products;
			sourceTree = "<group>";
		};
		006E60D51D4A575700F72CDB /* swifty-companion */ = {
			isa = PBXGroup;
			children = (
				006E60D61D4A575700F72CDB /* AppDelegate.swift */,
				006E60D81D4A575700F72CDB /* ViewController.swift */,
				006E60DA1D4A575700F72CDB /* Main.storyboard */,
				006E60DD1D4A575700F72CDB /* Assets.xcassets */,
				006E60DF1D4A575700F72CDB /* LaunchScreen.storyboard */,
				006E60E21D4A575700F72CDB /* Info.plist */,
				006E60F61D4A5E7900F72CDB /* Student.swift */,
			);
			path = "swifty-companion";
			sourceTree = "<group>";
		};
		006E60EA1D4A575700F72CDB /* swifty-companionTests */ = {
			isa = PBXGroup;
			children = (
				006E60EB1D4A575700F72CDB /* swifty_companionTests.swift */,
				006E60ED1D4A575700F72CDB /* Info.plist */,
			);
			path = "swifty-companionTests";
			sourceTree = "<group>";
		};
/* End PBXGroup section */

/* Begin PBXNativeTarget section */
		006E60D21D4A575700F72CDB /* swifty-companion */ = {
			isa = PBXNativeTarget;
			buildConfigurationList = 006E60F01D4A575700F72CDB /* Build configuration list for PBXNativeTarget "swifty-companion" */;
			buildPhases = (
				006E60CF1D4A575700F72CDB /* Sources */,
				006E60D01D4A575700F72CDB /* Frameworks */,
				006E60D11D4A575700F72CDB /* Resources */,
			);
			buildRules = (
			);
			dependencies = (
			);
			name = "swifty-companion";
			productName = "swifty-companion";
			productReference = 006E60D31D4A575700F72CDB /* swifty-companion.app */;
			productType = "com.apple.product-type.application";
		};
		006E60E61D4A575700F72CDB /* swifty-companionTests */ = {
			isa = PBXNativeTarget;
			buildConfigurationList = 006E60F31D4A575700F72CDB /* Build configuration list for PBXNativeTarget "swifty-companionTests" */;
			buildPhases = (
				006E60E31D4A575700F72CDB /* Sources */,
				006E60E41D4A575700F72CDB /* Frameworks */,
				006E60E51D4A575700F72CDB /* Resources */,
			);
			buildRules = (
			);
			dependencies = (
				006E60E91D4A575700F72CDB /* PBXTargetDependency */,
			);
			name = "swifty-companionTests";
			productName = "swifty-companionTests";
			productReference = 006E60E71D4A575700F72CDB /* swifty-companionTests.xctest */;
			productType = "com.apple.product-type.bundle.unit-test";
		};
/* End PBXNativeTarget section */

/* Begin PBXProject section */
		006E60CB1D4A575700F72CDB /* Project object */ = {
			isa = PBXProject;
			attributes = {
				LastSwiftUpdateCheck = 0730;
				LastUpgradeCheck = 0730;
				ORGANIZATIONNAME = "Gordon RASS-KWASI";
				TargetAttributes = {
					006E60D21D4A575700F72CDB = {
						CreatedOnToolsVersion = 7.3.1;
					};
					006E60E61D4A575700F72CDB = {
						CreatedOnToolsVersion = 7.3.1;
						TestTargetID = 006E60D21D4A575700F72CDB;
					};
				};
			};
			buildConfigurationList = 006E60CE1D4A575700F72CDB /* Build configuration list for PBXProject "swifty-companion" */;
			compatibilityVersion = "Xcode 3.2";
			developmentRegion = English;
			hasScannedForEncodings = 0;
			knownRegions = (
				en,
				Base,
			);
			mainGroup = 006E60CA1D4A575700F72CDB;
			productRefGroup = 006E60D41D4A575700F72CDB /* Products */;
			projectDirPath = "";
			projectRoot = "";
			targets = (
				006E60D21D4A575700F72CDB /* swifty-companion */,
				006E60E61D4A575700F72CDB /* swifty-companionTests */,
			);
		};
/* End PBXProject section */

/* Begin PBXResourcesBuildPhase section */
		006E60D11D4A575700F72CDB /* Resources */ = {
			isa = PBXResourcesBuildPhase;
			buildActionMask = 2147483647;
			files = (
				006E60E11D4A575700F72CDB /* LaunchScreen.storyboard in Resources */,
				006E60DE1D4A575700F72CDB /* Assets.xcassets in Resources */,
				006E60DC1D4A575700F72CDB /* Main.storyboard in Resources */,
			);
			runOnlyForDeploymentPostprocessing = 0;
		};
		006E60E51D4A575700F72CDB /* Resources */ = {
			isa = PBXResourcesBuildPhase;
			buildActionMask = 2147483647;
			files = (
			);
			runOnlyForDeploymentPostprocessing = 0;
		};
/* End PBXResourcesBuildPhase section */

/* Begin PBXSourcesBuildPhase section */
		006E60CF1D4A575700F72CDB /* Sources */ = {
			isa = PBXSourcesBuildPhase;
			buildActionMask = 2147483647;
			files = (
				006E60D91D4A575700F72CDB /* ViewController.swift in Sources */,
				006E60F71D4A5E7900F72CDB /* Student.swift in Sources */,
				006E60D71D4A575700F72CDB /* AppDelegate.swift in Sources */,
			);
			runOnlyForDeploymentPostprocessing = 0;
		};
		006E60E31D4A575700F72CDB /* Sources */ = {
			isa = PBXSourcesBuildPhase;
			buildActionMask = 2147483647;
			files = (
				006E60EC1D4A575700F72CDB /* swifty_companionTests.swift in Sources */,
				006E60F81D4A5E7900F72CDB /* Student.swift in Sources */,
			);
			runOnlyForDeploymentPostprocessing = 0;
		};
/* End PBXSourcesBuildPhase section */

/* Begin PBXTargetDependency section */
		006E60E91D4A575700F72CDB /* PBXTargetDependency */ = {
			isa = PBXTargetDependency;
			target = 006E60D21D4A575700F72CDB /* swifty-companion */;
			targetProxy = 006E60E81D4A575700F72CDB /* PBXContainerItemProxy */;
		};
/* End PBXTargetDependency section */

/* Begin PBXVariantGroup section */
		006E60DA1D4A575700F72CDB /* Main.storyboard */ = {
			isa = PBXVariantGroup;
			children = (
				006E60DB1D4A575700F72CDB /* Base */,
			);
			name = Main.storyboard;
			sourceTree = "<group>";
		};
		006E60DF1D4A575700F72CDB /* LaunchScreen.storyboard */ = {
			isa = PBXVariantGroup;
			children = (
				006E60E01D4A575700F72CDB /* Base */,
			);
			name = LaunchScreen.storyboard;
			sourceTree = "<group>";
		};
/* End PBXVariantGroup section */

/* Begin XCBuildConfiguration section */
		006E60EE1D4A575700F72CDB /* Debug */ = {
			isa = XCBuildConfiguration;
			buildSettings = {
				ALWAYS_SEARCH_USER_PATHS = NO;
				CLANG_ANALYZER_NONNULL = YES;
				CLANG_CXX_LANGUAGE_STANDARD = "gnu++0x";
				CLANG_CXX_LIBRARY = "libc++";
				CLANG_ENABLE_MODULES = YES;
				CLANG_ENABLE_OBJC_ARC = YES;
				CLANG_WARN_BOOL_CONVERSION = YES;
				CLANG_WARN_CONSTANT_CONVERSION = YES;
				CLANG_WARN_DIRECT_OBJC_ISA_USAGE = YES_ERROR;
				CLANG_WARN_EMPTY_BODY = YES;
				CLANG_WARN_ENUM_CONVERSION = YES;
				CLANG_WARN_INT_CONVERSION = YES;
				CLANG_WARN_OBJC_ROOT_CLASS = YES_ERROR;
				CLANG_WARN_UNREACHABLE_CODE = YES;
				CLANG_WARN__DUPLICATE_METHOD_MATCH = YES;
				"CODE_SIGN_IDENTITY[sdk=iphoneos*]" = "iPhone Developer";
				COPY_PHASE_STRIP = NO;
				DEBUG_INFORMATION_FORMAT = dwarf;
				ENABLE_STRICT_OBJC_MSGSEND = YES;
				ENABLE_TESTABILITY = YES;
				GCC_C_LANGUAGE_STANDARD = gnu99;
				GCC_DYNAMIC_NO_PIC = NO;
				GCC_NO_COMMON_BLOCKS = YES;
				GCC_OPTIMIZATION_LEVEL = 0;
				GCC_PREPROCESSOR_DEFINITIONS = (
					"DEBUG=1",
					"$(inherited)",
				);
				GCC_WARN_64_TO_32_BIT_CONVERSION = YES;
				GCC_WARN_ABOUT_RETURN_TYPE = YES_ERROR;
				GCC_WARN_UNDECLARED_SELECTOR = YES;
				GCC_WARN_UNINITIALIZED_AUTOS = YES_AGGRESSIVE;
				GCC_WARN_UNUSED_FUNCTION = YES;
				GCC_WARN_UNUSED_VARIABLE = YES;
				IPHONEOS_DEPLOYMENT_TARGET = 9.3;
				MTL_ENABLE_DEBUG_INFO = YES;
				ONLY_ACTIVE_ARCH = YES;
				SDKROOT = iphoneos;
				SWIFT_OPTIMIZATION_LEVEL = "-Onone";
				TARGETED_DEVICE_FAMILY = "1,2";
			};
			name = Debug;
		};
		006E60EF1D4A575700F72CDB /* Release */ = {
			isa = XCBuildConfiguration;
			buildSettings = {
				ALWAYS_SEARCH_USER_PATHS = NO;
				CLANG_ANALYZER_NONNULL = YES;
				CLANG_CXX_LANGUAGE_STANDARD = "gnu++0x";
				CLANG_CXX_LIBRARY = "libc++";
				CLANG_ENABLE_MODULES = YES;
				CLANG_ENABLE_OBJC_ARC = YES;
				CLANG_WARN_BOOL_CONVERSION = YES;
				CLANG_WARN_CONSTANT_CONVERSION = YES;
				CLANG_WARN_DIRECT_OBJC_ISA_USAGE = YES_ERROR;
				CLANG_WARN_EMPTY_BODY = YES;
				CLANG_WARN_ENUM_CONVERSION = YES;
				CLANG_WARN_INT_CONVERSION = YES;
				CLANG_WARN_OBJC_ROOT_CLASS = YES_ERROR;
				CLANG_WARN_UNREACHABLE_CODE = YES;
				CLANG_WARN__DUPLICATE_METHOD_MATCH = YES;
				"CODE_SIGN_IDENTITY[sdk=iphoneos*]" = "iPhone Developer";
				COPY_PHASE_STRIP = NO;
				DEBUG_INFORMATION_FORMAT = "dwarf-with-dsym";
				ENABLE_NS_ASSERTIONS = NO;
				ENABLE_STRICT_OBJC_MSGSEND = YES;
				GCC_C_LANGUAGE_STANDARD = gnu99;
				GCC_NO_COMMON_BLOCKS = YES;
				GCC_WARN_64_TO_32_BIT_CONVERSION = YES;
				GCC_WARN_ABOUT_RETURN_TYPE = YES_ERROR;
				GCC_WARN_UNDECLARED_SELECTOR = YES;
				GCC_WARN_UNINITIALIZED_AUTOS = YES_AGGRESSIVE;
				GCC_WARN_UNUSED_FUNCTION = YES;
				GCC_WARN_UNUSED_VARIABLE = YES;
				IPHONEOS_DEPLOYMENT_TARGET = 9.3;
				MTL_ENABLE_DEBUG_INFO = NO;
				SDKROOT = iphoneos;
				TARGETED_DEVICE_FAMILY = "1,2";
				VALIDATE_PRODUCT = YES;
			};
			name = Release;
		};
		006E60F11D4A575700F72CDB /* Debug */ = {
			isa = XCBuildConfiguration;
			buildSettings = {
				ASSETCATALOG_COMPILER_APPICON_NAME = AppIcon;
				INFOPLIST_FILE = "swifty-companion/Info.plist";
				LD_RUNPATH_SEARCH_PATHS = "$(inherited) @executable_path/Frameworks";
				PRODUCT_BUNDLE_IDENTIFIER = "com.example.swifty-companion";
				PRODUCT_NAME = "$(TARGET_NAME)";
			};
			name = Debug;
		};
		006E60F21D4A575700F72CDB /* Release */ = {
			isa = XCBuildConfiguration;
			buildSettings = {
				ASSETCATALOG_COMPILER_APPICON_NAME = AppIcon;
				INFOPLIST_FILE = "swifty-companion/Info.plist";
				LD_RUNPATH_SEARCH_PATHS = "$(inherited) @executable_path/Frameworks";
				PRODUCT_BUNDLE_IDENTIFIER = "com.example.swifty-companion";
				PRODUCT_NAME = "$(TARGET_NAME)";
			};
			name = Release;
		};
		006E60F41D4A575700F72CDB /* Debug */ = {
			isa = XCBuildConfiguration;
			buildSettings = {
				BUNDLE_LOADER = "$(TEST_HOST)";
				INFOPLIST_FILE = "swifty-companionTests/Info.plist";
				LD_RUNPATH_SEARCH_PATHS = "$(inherited) @executable_path/Frameworks @loader_path/Frameworks";
				PRODUCT_BUNDLE_IDENTIFIER = "com.example.swifty-companionTests";
				PRODUCT_NAME = "$(TARGET_NAME)";
				TEST_HOST = "$(BUILT_PRODUCTS_DIR)/swifty-companion.app/swifty-companion";
			};
			name = Debug;
		};
		006E60F51D4A575700F72CDB /* Release */ = {
			isa = XCBuildConfiguration;
			buildSettings = {
				BUNDLE_LOADER = "$(TEST_HOST)";
				INFOPLIST_FILE = "swifty-companionTests/Info.plist";
				LD_RUNPATH_SEARCH_PATHS = "$(inherited) @executable_path/Frameworks @loader_path/Frameworks";
				PRODUCT_BUNDLE_IDENTIFIER = "com.example.swifty-companionTests";
				PRODUCT_NAME = "$(TARGET_NAME)";
				TEST_HOST = "$(BUILT_PRODUCTS_DIR)/swifty-companion.app/swifty-companion";
			};
			name = Release;
		};
/* End XCBuildConfiguration section */

/* Begin XCConfigurationList section */
		006E60CE1D4A575700F72CDB /* Build configuration list for PBXProject "swifty-companion" */ = {
			isa = XCConfigurationList;
			buildConfigurations = (
				006E60EE1D4A575700F72CDB /* Debug */,
				006E60EF1D4A575700F72CDB /* Release */,
			);
			defaultConfigurationIsVisible = 0;
			defaultConfigurationName = Release;
		};
		006E60F01D4A575700F72CDB /* Build configuration list for PBXNativeTarget "swifty-companion" */ = {
			isa = XCConfigurationList;
			buildConfigurations = (
				006E60F11D4A575700F72CDB /* Debug */,
				006E60F21D4A575700F72CDB /* Release */,
			);
			defaultConfigurationIsVisible = 0;
		};
		006E60F31D4A575700F72CDB /* Build configuration list for PBXNativeTarget "swifty-companionTests" */ = {
			isa = XCConfigurationList;
			buildConfigurations = (
				006E60F41D4A575700F72CDB /* Debug */,
				006E60F51D4A575700F72CDB /* Release */,
			);
			defaultConfigurationIsVisible = 0;
		};
/* End XCConfigurationList section */
	};
	rootObject = 006E60CB1D4A575700F72CDB /* Project object */;
}
