// !$*UTF8*$!
{
	archiveVersion = 1;
	classes = {
	};
	objectVersion = 46;
	objects = {

/* Begin PBXBuildFile section */
		000757981D6B1CE1006DB6E0 /* APImanager.swift in Sources */ = {isa = PBXBuildFile; fileRef = 000757971D6B1CE1006DB6E0 /* APImanager.swift */; };
		0007579A1D6B220E006DB6E0 /* APIRequester.swift in Sources */ = {isa = PBXBuildFile; fileRef = 000757991D6B220E006DB6E0 /* APIRequester.swift */; };
		000D75EB1D6C79CE00E21943 /* OAuth2.framework in Frameworks */ = {isa = PBXBuildFile; fileRef = 003E7ED61D6AFEC50033D22D /* OAuth2.framework */; };
		000D75EC1D6C79CE00E21943 /* OAuth2.framework in Embed Frameworks */ = {isa = PBXBuildFile; fileRef = 003E7ED61D6AFEC50033D22D /* OAuth2.framework */; settings = {ATTRIBUTES = (CodeSignOnCopy, RemoveHeadersOnCopy, ); }; };
		000D75EF1D6C79CE00E21943 /* SwiftyJSON.framework in Frameworks */ = {isa = PBXBuildFile; fileRef = 009B97A71D66119A00D932EA /* SwiftyJSON.framework */; };
		000D75F01D6C79CE00E21943 /* SwiftyJSON.framework in Embed Frameworks */ = {isa = PBXBuildFile; fileRef = 009B97A71D66119A00D932EA /* SwiftyJSON.framework */; settings = {ATTRIBUTES = (CodeSignOnCopy, RemoveHeadersOnCopy, ); }; };
		000D75F31D6C79CE00E21943 /* Alamofire.framework in Frameworks */ = {isa = PBXBuildFile; fileRef = 009B978A1D660EC600D932EA /* Alamofire.framework */; };
		000D75F41D6C79CE00E21943 /* Alamofire.framework in Embed Frameworks */ = {isa = PBXBuildFile; fileRef = 009B978A1D660EC600D932EA /* Alamofire.framework */; settings = {ATTRIBUTES = (CodeSignOnCopy, RemoveHeadersOnCopy, ); }; };
		001FA2021D6DB94B00A47AFB /* ProfileViewController.swift in Sources */ = {isa = PBXBuildFile; fileRef = 001FA2011D6DB94B00A47AFB /* ProfileViewController.swift */; };
		0029EEB11D8046CE00BE283C /* SkillsViewController.swift in Sources */ = {isa = PBXBuildFile; fileRef = 0029EEB01D8046CE00BE283C /* SkillsViewController.swift */; };
		0029EEC31D8046E400BE283C /* ProjectsViewController.swift in Sources */ = {isa = PBXBuildFile; fileRef = 0029EEC21D8046E400BE283C /* ProjectsViewController.swift */; };
		00642F571D871B2200C6927E /* Images.xcassets in Resources */ = {isa = PBXBuildFile; fileRef = 00642F561D871B2200C6927E /* Images.xcassets */; };
		006E60D71D4A575700F72CDB /* AppDelegate.swift in Sources */ = {isa = PBXBuildFile; fileRef = 006E60D61D4A575700F72CDB /* AppDelegate.swift */; };
		006E60D91D4A575700F72CDB /* ViewController.swift in Sources */ = {isa = PBXBuildFile; fileRef = 006E60D81D4A575700F72CDB /* ViewController.swift */; };
		006E60DC1D4A575700F72CDB /* Main.storyboard in Resources */ = {isa = PBXBuildFile; fileRef = 006E60DA1D4A575700F72CDB /* Main.storyboard */; };
		006E60DE1D4A575700F72CDB /* Assets.xcassets in Resources */ = {isa = PBXBuildFile; fileRef = 006E60DD1D4A575700F72CDB /* Assets.xcassets */; };
		006E60E11D4A575700F72CDB /* LaunchScreen.storyboard in Resources */ = {isa = PBXBuildFile; fileRef = 006E60DF1D4A575700F72CDB /* LaunchScreen.storyboard */; };
		006E60EC1D4A575700F72CDB /* swifty_companionTests.swift in Sources */ = {isa = PBXBuildFile; fileRef = 006E60EB1D4A575700F72CDB /* swifty_companionTests.swift */; };
		006E60F71D4A5E7900F72CDB /* Student.swift in Sources */ = {isa = PBXBuildFile; fileRef = 006E60F61D4A5E7900F72CDB /* Student.swift */; };
		006E60F81D4A5E7900F72CDB /* Student.swift in Sources */ = {isa = PBXBuildFile; fileRef = 006E60F61D4A5E7900F72CDB /* Student.swift */; };
		008AF7521D82E89900F5DB8A /* ProjectsTableViewCell.swift in Sources */ = {isa = PBXBuildFile; fileRef = 008AF7511D82E89900F5DB8A /* ProjectsTableViewCell.swift */; };
		00F362261D8831680060E999 /* AchivementViewController.swift in Sources */ = {isa = PBXBuildFile; fileRef = 00F362251D8831680060E999 /* AchivementViewController.swift */; };
/* End PBXBuildFile section */

/* Begin PBXContainerItemProxy section */
		000D75AA1D6C746A00E21943 /* PBXContainerItemProxy */ = {
			isa = PBXContainerItemProxy;
			containerPortal = 009B979C1D66119A00D932EA /* SwiftyJSON.xcodeproj */;
			proxyType = 1;
			remoteGlobalIDString = 2E4FEFDA19575BE100351305;
			remoteInfo = "SwiftyJSON iOS";
		};
		000D75AC1D6C746D00E21943 /* PBXContainerItemProxy */ = {
			isa = PBXContainerItemProxy;
			containerPortal = 009B977E1D660EC600D932EA /* Alamofire.xcodeproj */;
			proxyType = 1;
			remoteGlobalIDString = F8111E3219A95C8B0040E7D1;
			remoteInfo = "Alamofire iOS";
		};
		000D75DB1D6C799E00E21943 /* PBXContainerItemProxy */ = {
			isa = PBXContainerItemProxy;
			containerPortal = 003E7EC51D6AFEC50033D22D /* OAuth2.xcodeproj */;
			proxyType = 1;
			remoteGlobalIDString = EEDB8623193FAAE500C4EEA1;
			remoteInfo = OAuth2iOS;
		};
		000D75ED1D6C79CE00E21943 /* PBXContainerItemProxy */ = {
			isa = PBXContainerItemProxy;
			containerPortal = 003E7EC51D6AFEC50033D22D /* OAuth2.xcodeproj */;
			proxyType = 1;
			remoteGlobalIDString = EEDB8623193FAAE500C4EEA1;
			remoteInfo = OAuth2iOS;
		};
		000D75F11D6C79CE00E21943 /* PBXContainerItemProxy */ = {
			isa = PBXContainerItemProxy;
			containerPortal = 009B979C1D66119A00D932EA /* SwiftyJSON.xcodeproj */;
			proxyType = 1;
			remoteGlobalIDString = 2E4FEFDA19575BE100351305;
			remoteInfo = "SwiftyJSON iOS";
		};
		000D75F51D6C79CE00E21943 /* PBXContainerItemProxy */ = {
			isa = PBXContainerItemProxy;
			containerPortal = 009B977E1D660EC600D932EA /* Alamofire.xcodeproj */;
			proxyType = 1;
			remoteGlobalIDString = F8111E3219A95C8B0040E7D1;
			remoteInfo = "Alamofire iOS";
		};
		003E7ED31D6AFEC50033D22D /* PBXContainerItemProxy */ = {
			isa = PBXContainerItemProxy;
			containerPortal = 003E7EC51D6AFEC50033D22D /* OAuth2.xcodeproj */;
			proxyType = 2;
			remoteGlobalIDString = EEE209471942772800736F1A;
			remoteInfo = OAuth2OSX;
		};
		003E7ED51D6AFEC50033D22D /* PBXContainerItemProxy */ = {
			isa = PBXContainerItemProxy;
			containerPortal = 003E7EC51D6AFEC50033D22D /* OAuth2.xcodeproj */;
			proxyType = 2;
			remoteGlobalIDString = EEDB8624193FAAE500C4EEA1;
			remoteInfo = OAuth2iOS;
		};
		003E7ED71D6AFEC50033D22D /* PBXContainerItemProxy */ = {
			isa = PBXContainerItemProxy;
			containerPortal = 003E7EC51D6AFEC50033D22D /* OAuth2.xcodeproj */;
			proxyType = 2;
			remoteGlobalIDString = 659854461C5B3BEA00237D39;
			remoteInfo = OAuth2tvOS;
		};
		003E7ED91D6AFEC50033D22D /* PBXContainerItemProxy */ = {
			isa = PBXContainerItemProxy;
			containerPortal = 003E7EC51D6AFEC50033D22D /* OAuth2.xcodeproj */;
			proxyType = 2;
			remoteGlobalIDString = EEE209A219427DFE00736F1A;
			remoteInfo = OAuth2Tests;
		};
		006E60E81D4A575700F72CDB /* PBXContainerItemProxy */ = {
			isa = PBXContainerItemProxy;
			containerPortal = 006E60CB1D4A575700F72CDB /* Project object */;
			proxyType = 1;
			remoteGlobalIDString = 006E60D21D4A575700F72CDB;
			remoteInfo = "swifty-companion";
		};
		009B97891D660EC600D932EA /* PBXContainerItemProxy */ = {
			isa = PBXContainerItemProxy;
			containerPortal = 009B977E1D660EC600D932EA /* Alamofire.xcodeproj */;
			proxyType = 2;
			remoteGlobalIDString = F8111E3319A95C8B0040E7D1;
			remoteInfo = "Alamofire iOS";
		};
		009B978B1D660EC600D932EA /* PBXContainerItemProxy */ = {
			isa = PBXContainerItemProxy;
			containerPortal = 009B977E1D660EC600D932EA /* Alamofire.xcodeproj */;
			proxyType = 2;
			remoteGlobalIDString = F8111E3E19A95C8B0040E7D1;
			remoteInfo = "Alamofire iOS Tests";
		};
		009B978D1D660EC600D932EA /* PBXContainerItemProxy */ = {
			isa = PBXContainerItemProxy;
			containerPortal = 009B977E1D660EC600D932EA /* Alamofire.xcodeproj */;
			proxyType = 2;
			remoteGlobalIDString = 4DD67C0B1A5C55C900ED2280;
			remoteInfo = "Alamofire OSX";
		};
		009B978F1D660EC600D932EA /* PBXContainerItemProxy */ = {
			isa = PBXContainerItemProxy;
			containerPortal = 009B977E1D660EC600D932EA /* Alamofire.xcodeproj */;
			proxyType = 2;
			remoteGlobalIDString = F829C6B21A7A94F100A2CD59;
			remoteInfo = "Alamofire OSX Tests";
		};
		009B97911D660EC600D932EA /* PBXContainerItemProxy */ = {
			isa = PBXContainerItemProxy;
			containerPortal = 009B977E1D660EC600D932EA /* Alamofire.xcodeproj */;
			proxyType = 2;
			remoteGlobalIDString = 4CF626EF1BA7CB3E0011A099;
			remoteInfo = "Alamofire tvOS";
		};
		009B97931D660EC600D932EA /* PBXContainerItemProxy */ = {
			isa = PBXContainerItemProxy;
			containerPortal = 009B977E1D660EC600D932EA /* Alamofire.xcodeproj */;
			proxyType = 2;
			remoteGlobalIDString = 4CF626F81BA7CB3E0011A099;
			remoteInfo = "Alamofire tvOS Tests";
		};
		009B97951D660EC600D932EA /* PBXContainerItemProxy */ = {
			isa = PBXContainerItemProxy;
			containerPortal = 009B977E1D660EC600D932EA /* Alamofire.xcodeproj */;
			proxyType = 2;
			remoteGlobalIDString = E4202FE01B667AA100C997FB;
			remoteInfo = "Alamofire watchOS";
		};
		009B97A61D66119A00D932EA /* PBXContainerItemProxy */ = {
			isa = PBXContainerItemProxy;
			containerPortal = 009B979C1D66119A00D932EA /* SwiftyJSON.xcodeproj */;
			proxyType = 2;
			remoteGlobalIDString = 2E4FEFDB19575BE100351305;
			remoteInfo = "SwiftyJSON iOS";
		};
		009B97A81D66119A00D932EA /* PBXContainerItemProxy */ = {
			isa = PBXContainerItemProxy;
			containerPortal = 009B979C1D66119A00D932EA /* SwiftyJSON.xcodeproj */;
			proxyType = 2;
			remoteGlobalIDString = 2E4FEFE619575BE100351305;
			remoteInfo = "SwiftyJSON iOS Tests";
		};
		009B97AA1D66119A00D932EA /* PBXContainerItemProxy */ = {
			isa = PBXContainerItemProxy;
			containerPortal = 009B979C1D66119A00D932EA /* SwiftyJSON.xcodeproj */;
			proxyType = 2;
			remoteGlobalIDString = 9C7DFC5B1A9102BD005AA3F7;
			remoteInfo = "SwiftyJSON OSX";
		};
		009B97AC1D66119A00D932EA /* PBXContainerItemProxy */ = {
			isa = PBXContainerItemProxy;
			containerPortal = 009B979C1D66119A00D932EA /* SwiftyJSON.xcodeproj */;
			proxyType = 2;
			remoteGlobalIDString = 9C7DFC651A9102BD005AA3F7;
			remoteInfo = "SwiftyJSON OSX Tests";
		};
		009B97AE1D66119A00D932EA /* PBXContainerItemProxy */ = {
			isa = PBXContainerItemProxy;
			containerPortal = 009B979C1D66119A00D932EA /* SwiftyJSON.xcodeproj */;
			proxyType = 2;
			remoteGlobalIDString = E4D7CCE81B9465A700EE7221;
			remoteInfo = "SwiftyJSON watchOS";
		};
		009B97B01D66119A00D932EA /* PBXContainerItemProxy */ = {
			isa = PBXContainerItemProxy;
			containerPortal = 009B979C1D66119A00D932EA /* SwiftyJSON.xcodeproj */;
			proxyType = 2;
			remoteGlobalIDString = 7236B4F61BAC14150020529B;
			remoteInfo = "SwiftyJSON tvOS";
		};
		009B97B21D66119A00D932EA /* PBXContainerItemProxy */ = {
			isa = PBXContainerItemProxy;
			containerPortal = 009B979C1D66119A00D932EA /* SwiftyJSON.xcodeproj */;
			proxyType = 2;
			remoteGlobalIDString = A8580F741BCF5C5B00DA927B;
			remoteInfo = "SwiftyJSON tvOS Tests";
		};
/* End PBXContainerItemProxy section */

/* Begin PBXCopyFilesBuildPhase section */
		000D75F71D6C79CE00E21943 /* Embed Frameworks */ = {
			isa = PBXCopyFilesBuildPhase;
			buildActionMask = 2147483647;
			dstPath = "";
			dstSubfolderSpec = 10;
			files = (
				000D75F01D6C79CE00E21943 /* SwiftyJSON.framework in Embed Frameworks */,
				000D75F41D6C79CE00E21943 /* Alamofire.framework in Embed Frameworks */,
				000D75EC1D6C79CE00E21943 /* OAuth2.framework in Embed Frameworks */,
			);
			name = "Embed Frameworks";
			runOnlyForDeploymentPostprocessing = 0;
		};
/* End PBXCopyFilesBuildPhase section */

/* Begin PBXFileReference section */
		000757971D6B1CE1006DB6E0 /* APImanager.swift */ = {isa = PBXFileReference; fileEncoding = 4; lastKnownFileType = sourcecode.swift; path = APImanager.swift; sourceTree = "<group>"; };
		000757991D6B220E006DB6E0 /* APIRequester.swift */ = {isa = PBXFileReference; fileEncoding = 4; lastKnownFileType = sourcecode.swift; path = APIRequester.swift; sourceTree = "<group>"; };
		001FA2011D6DB94B00A47AFB /* ProfileViewController.swift */ = {isa = PBXFileReference; fileEncoding = 4; lastKnownFileType = sourcecode.swift; path = ProfileViewController.swift; sourceTree = "<group>"; };
		0029EEB01D8046CE00BE283C /* SkillsViewController.swift */ = {isa = PBXFileReference; fileEncoding = 4; lastKnownFileType = sourcecode.swift; path = SkillsViewController.swift; sourceTree = "<group>"; };
		0029EEC21D8046E400BE283C /* ProjectsViewController.swift */ = {isa = PBXFileReference; fileEncoding = 4; lastKnownFileType = sourcecode.swift; path = ProjectsViewController.swift; sourceTree = "<group>"; };
		003E7EC51D6AFEC50033D22D /* OAuth2.xcodeproj */ = {isa = PBXFileReference; lastKnownFileType = "wrapper.pb-project"; name = OAuth2.xcodeproj; path = OAuth2/OAuth2.xcodeproj; sourceTree = "<group>"; };
		00642F561D871B2200C6927E /* Images.xcassets */ = {isa = PBXFileReference; lastKnownFileType = folder.assetcatalog; path = Images.xcassets; sourceTree = "<group>"; };
		006E60D31D4A575700F72CDB /* swifty-companion.app */ = {isa = PBXFileReference; explicitFileType = wrapper.application; includeInIndex = 0; path = "swifty-companion.app"; sourceTree = BUILT_PRODUCTS_DIR; };
		006E60D61D4A575700F72CDB /* AppDelegate.swift */ = {isa = PBXFileReference; lastKnownFileType = sourcecode.swift; path = AppDelegate.swift; sourceTree = "<group>"; };
		006E60D81D4A575700F72CDB /* ViewController.swift */ = {isa = PBXFileReference; lastKnownFileType = sourcecode.swift; path = ViewController.swift; sourceTree = "<group>"; };
		006E60DB1D4A575700F72CDB /* Base */ = {isa = PBXFileReference; lastKnownFileType = file.storyboard; name = Base; path = Base.lproj/Main.storyboard; sourceTree = "<group>"; };
		006E60DD1D4A575700F72CDB /* Assets.xcassets */ = {isa = PBXFileReference; lastKnownFileType = folder.assetcatalog; path = Assets.xcassets; sourceTree = "<group>"; };
		006E60E01D4A575700F72CDB /* Base */ = {isa = PBXFileReference; lastKnownFileType = file.storyboard; name = Base; path = Base.lproj/LaunchScreen.storyboard; sourceTree = "<group>"; };
		006E60E21D4A575700F72CDB /* Info.plist */ = {isa = PBXFileReference; lastKnownFileType = text.plist.xml; path = Info.plist; sourceTree = "<group>"; };
		006E60E71D4A575700F72CDB /* swifty-companionTests.xctest */ = {isa = PBXFileReference; explicitFileType = wrapper.cfbundle; includeInIndex = 0; path = "swifty-companionTests.xctest"; sourceTree = BUILT_PRODUCTS_DIR; };
		006E60EB1D4A575700F72CDB /* swifty_companionTests.swift */ = {isa = PBXFileReference; lastKnownFileType = sourcecode.swift; path = swifty_companionTests.swift; sourceTree = "<group>"; };
		006E60ED1D4A575700F72CDB /* Info.plist */ = {isa = PBXFileReference; lastKnownFileType = text.plist.xml; path = Info.plist; sourceTree = "<group>"; };
		006E60F61D4A5E7900F72CDB /* Student.swift */ = {isa = PBXFileReference; fileEncoding = 4; lastKnownFileType = sourcecode.swift; path = Student.swift; sourceTree = "<group>"; };
		008AF7511D82E89900F5DB8A /* ProjectsTableViewCell.swift */ = {isa = PBXFileReference; fileEncoding = 4; lastKnownFileType = sourcecode.swift; path = ProjectsTableViewCell.swift; sourceTree = "<group>"; };
		009B977E1D660EC600D932EA /* Alamofire.xcodeproj */ = {isa = PBXFileReference; lastKnownFileType = "wrapper.pb-project"; name = Alamofire.xcodeproj; path = Alamofire/Alamofire.xcodeproj; sourceTree = "<group>"; };
		009B979C1D66119A00D932EA /* SwiftyJSON.xcodeproj */ = {isa = PBXFileReference; lastKnownFileType = "wrapper.pb-project"; name = SwiftyJSON.xcodeproj; path = SwiftyJSON/SwiftyJSON.xcodeproj; sourceTree = "<group>"; };
		00F362251D8831680060E999 /* AchivementViewController.swift */ = {isa = PBXFileReference; fileEncoding = 4; lastKnownFileType = sourcecode.swift; path = AchivementViewController.swift; sourceTree = "<group>"; };
/* End PBXFileReference section */

/* Begin PBXFrameworksBuildPhase section */
		006E60D01D4A575700F72CDB /* Frameworks */ = {
			isa = PBXFrameworksBuildPhase;
			buildActionMask = 2147483647;
			files = (
				000D75EF1D6C79CE00E21943 /* SwiftyJSON.framework in Frameworks */,
				000D75F31D6C79CE00E21943 /* Alamofire.framework in Frameworks */,
				000D75EB1D6C79CE00E21943 /* OAuth2.framework in Frameworks */,
			);
			runOnlyForDeploymentPostprocessing = 0;
		};
		006E60E41D4A575700F72CDB /* Frameworks */ = {
			isa = PBXFrameworksBuildPhase;
			buildActionMask = 2147483647;
			files = (
			);
			runOnlyForDeploymentPostprocessing = 0;
		};
/* End PBXFrameworksBuildPhase section */

/* Begin PBXGroup section */
		003E7EC61D6AFEC50033D22D /* Products */ = {
			isa = PBXGroup;
			children = (
				003E7ED41D6AFEC50033D22D /* OAuth2.framework */,
				003E7ED61D6AFEC50033D22D /* OAuth2.framework */,
				003E7ED81D6AFEC50033D22D /* OAuth2.framework */,
				003E7EDA1D6AFEC50033D22D /* OAuth2Tests.xctest */,
			);
			name = Products;
			sourceTree = "<group>";
		};
		006E60CA1D4A575700F72CDB = {
			isa = PBXGroup;
			children = (
				003E7EC51D6AFEC50033D22D /* OAuth2.xcodeproj */,
				009B979C1D66119A00D932EA /* SwiftyJSON.xcodeproj */,
				009B977E1D660EC600D932EA /* Alamofire.xcodeproj */,
				006E60D51D4A575700F72CDB /* swifty-companion */,
				006E60EA1D4A575700F72CDB /* swifty-companionTests */,
				006E60D41D4A575700F72CDB /* Products */,
			);
			sourceTree = "<group>";
		};
		006E60D41D4A575700F72CDB /* Products */ = {
			isa = PBXGroup;
			children = (
				006E60D31D4A575700F72CDB /* swifty-companion.app */,
				006E60E71D4A575700F72CDB /* swifty-companionTests.xctest */,
			);
			name = Products;
			sourceTree = "<group>";
		};
		006E60D51D4A575700F72CDB /* swifty-companion */ = {
			isa = PBXGroup;
			children = (
				006E60D61D4A575700F72CDB /* AppDelegate.swift */,
				006E60D81D4A575700F72CDB /* ViewController.swift */,
				001FA2011D6DB94B00A47AFB /* ProfileViewController.swift */,
				006E60DA1D4A575700F72CDB /* Main.storyboard */,
				006E60DD1D4A575700F72CDB /* Assets.xcassets */,
				006E60DF1D4A575700F72CDB /* LaunchScreen.storyboard */,
				006E60E21D4A575700F72CDB /* Info.plist */,
				006E60F61D4A5E7900F72CDB /* Student.swift */,
				000757971D6B1CE1006DB6E0 /* APImanager.swift */,
				000757991D6B220E006DB6E0 /* APIRequester.swift */,
				0029EEB01D8046CE00BE283C /* SkillsViewController.swift */,
				0029EEC21D8046E400BE283C /* ProjectsViewController.swift */,
				008AF7511D82E89900F5DB8A /* ProjectsTableViewCell.swift */,
				00642F561D871B2200C6927E /* Images.xcassets */,
				00F362251D8831680060E999 /* AchivementViewController.swift */,
			);
			path = "swifty-companion";
			sourceTree = "<group>";
		};
		006E60EA1D4A575700F72CDB /* swifty-companionTests */ = {
			isa = PBXGroup;
			children = (
				006E60EB1D4A575700F72CDB /* swifty_companionTests.swift */,
				006E60ED1D4A575700F72CDB /* Info.plist */,
			);
			path = "swifty-companionTests";
			sourceTree = "<group>";
		};
		009B977F1D660EC600D932EA /* Products */ = {
			isa = PBXGroup;
			children = (
				009B978A1D660EC600D932EA /* Alamofire.framework */,
				009B978C1D660EC600D932EA /* Alamofire iOS Tests.xctest */,
				009B978E1D660EC600D932EA /* Alamofire.framework */,
				009B97901D660EC600D932EA /* Alamofire OSX Tests.xctest */,
				009B97921D660EC600D932EA /* Alamofire.framework */,
				009B97941D660EC600D932EA /* Alamofire tvOS Tests.xctest */,
				009B97961D660EC600D932EA /* Alamofire.framework */,
			);
			name = Products;
			sourceTree = "<group>";
		};
		009B979D1D66119A00D932EA /* Products */ = {
			isa = PBXGroup;
			children = (
				009B97A71D66119A00D932EA /* SwiftyJSON.framework */,
				009B97A91D66119A00D932EA /* SwiftyJSON iOS Tests.xctest */,
				009B97AB1D66119A00D932EA /* SwiftyJSON.framework */,
				009B97AD1D66119A00D932EA /* SwiftyJSON OSX Tests.xctest */,
				009B97AF1D66119A00D932EA /* SwiftyJSON.framework */,
				009B97B11D66119A00D932EA /* SwiftyJSON.framework */,
				009B97B31D66119A00D932EA /* SwiftyJSON tvOS Tests.xctest */,
			);
			name = Products;
			sourceTree = "<group>";
		};
/* End PBXGroup section */

/* Begin PBXNativeTarget section */
		006E60D21D4A575700F72CDB /* swifty-companion */ = {
			isa = PBXNativeTarget;
			buildConfigurationList = 006E60F01D4A575700F72CDB /* Build configuration list for PBXNativeTarget "swifty-companion" */;
			buildPhases = (
				006E60CF1D4A575700F72CDB /* Sources */,
				006E60D01D4A575700F72CDB /* Frameworks */,
				006E60D11D4A575700F72CDB /* Resources */,
				000D75F71D6C79CE00E21943 /* Embed Frameworks */,
			);
			buildRules = (
			);
			dependencies = (
				000D75AD1D6C746D00E21943 /* PBXTargetDependency */,
				000D75AB1D6C746A00E21943 /* PBXTargetDependency */,
				000D75DC1D6C799E00E21943 /* PBXTargetDependency */,
				000D75EE1D6C79CE00E21943 /* PBXTargetDependency */,
				000D75F21D6C79CE00E21943 /* PBXTargetDependency */,
				000D75F61D6C79CE00E21943 /* PBXTargetDependency */,
			);
			name = "swifty-companion";
			productName = "swifty-companion";
			productReference = 006E60D31D4A575700F72CDB /* swifty-companion.app */;
			productType = "com.apple.product-type.application";
		};
		006E60E61D4A575700F72CDB /* swifty-companionTests */ = {
			isa = PBXNativeTarget;
			buildConfigurationList = 006E60F31D4A575700F72CDB /* Build configuration list for PBXNativeTarget "swifty-companionTests" */;
			buildPhases = (
				006E60E31D4A575700F72CDB /* Sources */,
				006E60E41D4A575700F72CDB /* Frameworks */,
				006E60E51D4A575700F72CDB /* Resources */,
			);
			buildRules = (
			);
			dependencies = (
				006E60E91D4A575700F72CDB /* PBXTargetDependency */,
			);
			name = "swifty-companionTests";
			productName = "swifty-companionTests";
			productReference = 006E60E71D4A575700F72CDB /* swifty-companionTests.xctest */;
			productType = "com.apple.product-type.bundle.unit-test";
		};
/* End PBXNativeTarget section */

/* Begin PBXProject section */
		006E60CB1D4A575700F72CDB /* Project object */ = {
			isa = PBXProject;
			attributes = {
				LastSwiftUpdateCheck = 0730;
				LastUpgradeCheck = 0730;
				ORGANIZATIONNAME = "Gordon RASS-KWASI";
				TargetAttributes = {
					006E60D21D4A575700F72CDB = {
						CreatedOnToolsVersion = 7.3.1;
					};
					006E60E61D4A575700F72CDB = {
						CreatedOnToolsVersion = 7.3.1;
						TestTargetID = 006E60D21D4A575700F72CDB;
					};
				};
			};
			buildConfigurationList = 006E60CE1D4A575700F72CDB /* Build configuration list for PBXProject "swifty-companion" */;
			compatibilityVersion = "Xcode 3.2";
			developmentRegion = English;
			hasScannedForEncodings = 0;
			knownRegions = (
				en,
				Base,
			);
			mainGroup = 006E60CA1D4A575700F72CDB;
			productRefGroup = 006E60D41D4A575700F72CDB /* Products */;
			projectDirPath = "";
			projectReferences = (
				{
					ProductGroup = 009B977F1D660EC600D932EA /* Products */;
					ProjectRef = 009B977E1D660EC600D932EA /* Alamofire.xcodeproj */;
				},
				{
					ProductGroup = 003E7EC61D6AFEC50033D22D /* Products */;
					ProjectRef = 003E7EC51D6AFEC50033D22D /* OAuth2.xcodeproj */;
				},
				{
					ProductGroup = 009B979D1D66119A00D932EA /* Products */;
					ProjectRef = 009B979C1D66119A00D932EA /* SwiftyJSON.xcodeproj */;
				},
			);
			projectRoot = "";
			targets = (
				006E60D21D4A575700F72CDB /* swifty-companion */,
				006E60E61D4A575700F72CDB /* swifty-companionTests */,
			);
		};
/* End PBXProject section */

/* Begin PBXReferenceProxy section */
		003E7ED41D6AFEC50033D22D /* OAuth2.framework */ = {
			isa = PBXReferenceProxy;
			fileType = wrapper.framework;
			path = OAuth2.framework;
			remoteRef = 003E7ED31D6AFEC50033D22D /* PBXContainerItemProxy */;
			sourceTree = BUILT_PRODUCTS_DIR;
		};
		003E7ED61D6AFEC50033D22D /* OAuth2.framework */ = {
			isa = PBXReferenceProxy;
			fileType = wrapper.framework;
			path = OAuth2.framework;
			remoteRef = 003E7ED51D6AFEC50033D22D /* PBXContainerItemProxy */;
			sourceTree = BUILT_PRODUCTS_DIR;
		};
		003E7ED81D6AFEC50033D22D /* OAuth2.framework */ = {
			isa = PBXReferenceProxy;
			fileType = wrapper.framework;
			path = OAuth2.framework;
			remoteRef = 003E7ED71D6AFEC50033D22D /* PBXContainerItemProxy */;
			sourceTree = BUILT_PRODUCTS_DIR;
		};
		003E7EDA1D6AFEC50033D22D /* OAuth2Tests.xctest */ = {
			isa = PBXReferenceProxy;
			fileType = wrapper.cfbundle;
			path = OAuth2Tests.xctest;
			remoteRef = 003E7ED91D6AFEC50033D22D /* PBXContainerItemProxy */;
			sourceTree = BUILT_PRODUCTS_DIR;
		};
		009B978A1D660EC600D932EA /* Alamofire.framework */ = {
			isa = PBXReferenceProxy;
			fileType = wrapper.framework;
			path = Alamofire.framework;
			remoteRef = 009B97891D660EC600D932EA /* PBXContainerItemProxy */;
			sourceTree = BUILT_PRODUCTS_DIR;
		};
		009B978C1D660EC600D932EA /* Alamofire iOS Tests.xctest */ = {
			isa = PBXReferenceProxy;
			fileType = wrapper.cfbundle;
			path = "Alamofire iOS Tests.xctest";
			remoteRef = 009B978B1D660EC600D932EA /* PBXContainerItemProxy */;
			sourceTree = BUILT_PRODUCTS_DIR;
		};
		009B978E1D660EC600D932EA /* Alamofire.framework */ = {
			isa = PBXReferenceProxy;
			fileType = wrapper.framework;
			path = Alamofire.framework;
			remoteRef = 009B978D1D660EC600D932EA /* PBXContainerItemProxy */;
			sourceTree = BUILT_PRODUCTS_DIR;
		};
		009B97901D660EC600D932EA /* Alamofire OSX Tests.xctest */ = {
			isa = PBXReferenceProxy;
			fileType = wrapper.cfbundle;
			path = "Alamofire OSX Tests.xctest";
			remoteRef = 009B978F1D660EC600D932EA /* PBXContainerItemProxy */;
			sourceTree = BUILT_PRODUCTS_DIR;
		};
		009B97921D660EC600D932EA /* Alamofire.framework */ = {
			isa = PBXReferenceProxy;
			fileType = wrapper.framework;
			path = Alamofire.framework;
			remoteRef = 009B97911D660EC600D932EA /* PBXContainerItemProxy */;
			sourceTree = BUILT_PRODUCTS_DIR;
		};
		009B97941D660EC600D932EA /* Alamofire tvOS Tests.xctest */ = {
			isa = PBXReferenceProxy;
			fileType = wrapper.cfbundle;
			path = "Alamofire tvOS Tests.xctest";
			remoteRef = 009B97931D660EC600D932EA /* PBXContainerItemProxy */;
			sourceTree = BUILT_PRODUCTS_DIR;
		};
		009B97961D660EC600D932EA /* Alamofire.framework */ = {
			isa = PBXReferenceProxy;
			fileType = wrapper.framework;
			path = Alamofire.framework;
			remoteRef = 009B97951D660EC600D932EA /* PBXContainerItemProxy */;
			sourceTree = BUILT_PRODUCTS_DIR;
		};
		009B97A71D66119A00D932EA /* SwiftyJSON.framework */ = {
			isa = PBXReferenceProxy;
			fileType = wrapper.framework;
			path = SwiftyJSON.framework;
			remoteRef = 009B97A61D66119A00D932EA /* PBXContainerItemProxy */;
			sourceTree = BUILT_PRODUCTS_DIR;
		};
		009B97A91D66119A00D932EA /* SwiftyJSON iOS Tests.xctest */ = {
			isa = PBXReferenceProxy;
			fileType = wrapper.cfbundle;
			path = "SwiftyJSON iOS Tests.xctest";
			remoteRef = 009B97A81D66119A00D932EA /* PBXContainerItemProxy */;
			sourceTree = BUILT_PRODUCTS_DIR;
		};
		009B97AB1D66119A00D932EA /* SwiftyJSON.framework */ = {
			isa = PBXReferenceProxy;
			fileType = wrapper.framework;
			path = SwiftyJSON.framework;
			remoteRef = 009B97AA1D66119A00D932EA /* PBXContainerItemProxy */;
			sourceTree = BUILT_PRODUCTS_DIR;
		};
		009B97AD1D66119A00D932EA /* SwiftyJSON OSX Tests.xctest */ = {
			isa = PBXReferenceProxy;
			fileType = wrapper.cfbundle;
			path = "SwiftyJSON OSX Tests.xctest";
			remoteRef = 009B97AC1D66119A00D932EA /* PBXContainerItemProxy */;
			sourceTree = BUILT_PRODUCTS_DIR;
		};
		009B97AF1D66119A00D932EA /* SwiftyJSON.framework */ = {
			isa = PBXReferenceProxy;
			fileType = wrapper.framework;
			path = SwiftyJSON.framework;
			remoteRef = 009B97AE1D66119A00D932EA /* PBXContainerItemProxy */;
			sourceTree = BUILT_PRODUCTS_DIR;
		};
		009B97B11D66119A00D932EA /* SwiftyJSON.framework */ = {
			isa = PBXReferenceProxy;
			fileType = wrapper.framework;
			path = SwiftyJSON.framework;
			remoteRef = 009B97B01D66119A00D932EA /* PBXContainerItemProxy */;
			sourceTree = BUILT_PRODUCTS_DIR;
		};
		009B97B31D66119A00D932EA /* SwiftyJSON tvOS Tests.xctest */ = {
			isa = PBXReferenceProxy;
			fileType = wrapper.cfbundle;
			path = "SwiftyJSON tvOS Tests.xctest";
			remoteRef = 009B97B21D66119A00D932EA /* PBXContainerItemProxy */;
			sourceTree = BUILT_PRODUCTS_DIR;
		};
/* End PBXReferenceProxy section */

/* Begin PBXResourcesBuildPhase section */
		006E60D11D4A575700F72CDB /* Resources */ = {
			isa = PBXResourcesBuildPhase;
			buildActionMask = 2147483647;
			files = (
				006E60E11D4A575700F72CDB /* LaunchScreen.storyboard in Resources */,
				00642F571D871B2200C6927E /* Images.xcassets in Resources */,
				006E60DE1D4A575700F72CDB /* Assets.xcassets in Resources */,
				006E60DC1D4A575700F72CDB /* Main.storyboard in Resources */,
			);
			runOnlyForDeploymentPostprocessing = 0;
		};
		006E60E51D4A575700F72CDB /* Resources */ = {
			isa = PBXResourcesBuildPhase;
			buildActionMask = 2147483647;
			files = (
			);
			runOnlyForDeploymentPostprocessing = 0;
		};
/* End PBXResourcesBuildPhase section */

/* Begin PBXSourcesBuildPhase section */
		006E60CF1D4A575700F72CDB /* Sources */ = {
			isa = PBXSourcesBuildPhase;
			buildActionMask = 2147483647;
			files = (
				0029EEC31D8046E400BE283C /* ProjectsViewController.swift in Sources */,
				001FA2021D6DB94B00A47AFB /* ProfileViewController.swift in Sources */,
				00F362261D8831680060E999 /* AchivementViewController.swift in Sources */,
				006E60D91D4A575700F72CDB /* ViewController.swift in Sources */,
				0007579A1D6B220E006DB6E0 /* APIRequester.swift in Sources */,
				000757981D6B1CE1006DB6E0 /* APImanager.swift in Sources */,
				0029EEB11D8046CE00BE283C /* SkillsViewController.swift in Sources */,
				006E60F71D4A5E7900F72CDB /* Student.swift in Sources */,
				008AF7521D82E89900F5DB8A /* ProjectsTableViewCell.swift in Sources */,
				006E60D71D4A575700F72CDB /* AppDelegate.swift in Sources */,
			);
			runOnlyForDeploymentPostprocessing = 0;
		};
		006E60E31D4A575700F72CDB /* Sources */ = {
			isa = PBXSourcesBuildPhase;
			buildActionMask = 2147483647;
			files = (
				006E60EC1D4A575700F72CDB /* swifty_companionTests.swift in Sources */,
				006E60F81D4A5E7900F72CDB /* Student.swift in Sources */,
			);
			runOnlyForDeploymentPostprocessing = 0;
		};
/* End PBXSourcesBuildPhase section */

/* Begin PBXTargetDependency section */
		000D75AB1D6C746A00E21943 /* PBXTargetDependency */ = {
			isa = PBXTargetDependency;
			name = "SwiftyJSON iOS";
			targetProxy = 000D75AA1D6C746A00E21943 /* PBXContainerItemProxy */;
		};
		000D75AD1D6C746D00E21943 /* PBXTargetDependency */ = {
			isa = PBXTargetDependency;
			name = "Alamofire iOS";
			targetProxy = 000D75AC1D6C746D00E21943 /* PBXContainerItemProxy */;
		};
		000D75DC1D6C799E00E21943 /* PBXTargetDependency */ = {
			isa = PBXTargetDependency;
			name = OAuth2iOS;
			targetProxy = 000D75DB1D6C799E00E21943 /* PBXContainerItemProxy */;
		};
		000D75EE1D6C79CE00E21943 /* PBXTargetDependency */ = {
			isa = PBXTargetDependency;
			name = OAuth2iOS;
			targetProxy = 000D75ED1D6C79CE00E21943 /* PBXContainerItemProxy */;
		};
		000D75F21D6C79CE00E21943 /* PBXTargetDependency */ = {
			isa = PBXTargetDependency;
			name = "SwiftyJSON iOS";
			targetProxy = 000D75F11D6C79CE00E21943 /* PBXContainerItemProxy */;
		};
		000D75F61D6C79CE00E21943 /* PBXTargetDependency */ = {
			isa = PBXTargetDependency;
			name = "Alamofire iOS";
			targetProxy = 000D75F51D6C79CE00E21943 /* PBXContainerItemProxy */;
		};
		006E60E91D4A575700F72CDB /* PBXTargetDependency */ = {
			isa = PBXTargetDependency;
			target = 006E60D21D4A575700F72CDB /* swifty-companion */;
			targetProxy = 006E60E81D4A575700F72CDB /* PBXContainerItemProxy */;
		};
/* End PBXTargetDependency section */

/* Begin PBXVariantGroup section */
		006E60DA1D4A575700F72CDB /* Main.storyboard */ = {
			isa = PBXVariantGroup;
			children = (
				006E60DB1D4A575700F72CDB /* Base */,
			);
			name = Main.storyboard;
			sourceTree = "<group>";
		};
		006E60DF1D4A575700F72CDB /* LaunchScreen.storyboard */ = {
			isa = PBXVariantGroup;
			children = (
				006E60E01D4A575700F72CDB /* Base */,
			);
			name = LaunchScreen.storyboard;
			sourceTree = "<group>";
		};
/* End PBXVariantGroup section */

/* Begin XCBuildConfiguration section */
		006E60EE1D4A575700F72CDB /* Debug */ = {
			isa = XCBuildConfiguration;
			buildSettings = {
				ALWAYS_SEARCH_USER_PATHS = NO;
				CLANG_ANALYZER_NONNULL = YES;
				CLANG_CXX_LANGUAGE_STANDARD = "gnu++0x";
				CLANG_CXX_LIBRARY = "libc++";
				CLANG_ENABLE_MODULES = YES;
				CLANG_ENABLE_OBJC_ARC = YES;
				CLANG_WARN_BOOL_CONVERSION = YES;
				CLANG_WARN_CONSTANT_CONVERSION = YES;
				CLANG_WARN_DIRECT_OBJC_ISA_USAGE = YES_ERROR;
				CLANG_WARN_EMPTY_BODY = YES;
				CLANG_WARN_ENUM_CONVERSION = YES;
				CLANG_WARN_INT_CONVERSION = YES;
				CLANG_WARN_OBJC_ROOT_CLASS = YES_ERROR;
				CLANG_WARN_UNREACHABLE_CODE = YES;
				CLANG_WARN__DUPLICATE_METHOD_MATCH = YES;
				"CODE_SIGN_IDENTITY[sdk=iphoneos*]" = "iPhone Developer";
				COPY_PHASE_STRIP = NO;
				DEBUG_INFORMATION_FORMAT = dwarf;
				ENABLE_STRICT_OBJC_MSGSEND = YES;
				ENABLE_TESTABILITY = YES;
				GCC_C_LANGUAGE_STANDARD = gnu99;
				GCC_DYNAMIC_NO_PIC = NO;
				GCC_NO_COMMON_BLOCKS = YES;
				GCC_OPTIMIZATION_LEVEL = 0;
				GCC_PREPROCESSOR_DEFINITIONS = (
					"DEBUG=1",
					"$(inherited)",
				);
				GCC_WARN_64_TO_32_BIT_CONVERSION = YES;
				GCC_WARN_ABOUT_RETURN_TYPE = YES_ERROR;
				GCC_WARN_UNDECLARED_SELECTOR = YES;
				GCC_WARN_UNINITIALIZED_AUTOS = YES_AGGRESSIVE;
				GCC_WARN_UNUSED_FUNCTION = YES;
				GCC_WARN_UNUSED_VARIABLE = YES;
				IPHONEOS_DEPLOYMENT_TARGET = 9.3;
				MTL_ENABLE_DEBUG_INFO = YES;
				ONLY_ACTIVE_ARCH = YES;
				SDKROOT = iphoneos;
				SWIFT_OPTIMIZATION_LEVEL = "-Onone";
				TARGETED_DEVICE_FAMILY = "1,2";
			};
			name = Debug;
		};
		006E60EF1D4A575700F72CDB /* Release */ = {
			isa = XCBuildConfiguration;
			buildSettings = {
				ALWAYS_SEARCH_USER_PATHS = NO;
				CLANG_ANALYZER_NONNULL = YES;
				CLANG_CXX_LANGUAGE_STANDARD = "gnu++0x";
				CLANG_CXX_LIBRARY = "libc++";
				CLANG_ENABLE_MODULES = YES;
				CLANG_ENABLE_OBJC_ARC = YES;
				CLANG_WARN_BOOL_CONVERSION = YES;
				CLANG_WARN_CONSTANT_CONVERSION = YES;
				CLANG_WARN_DIRECT_OBJC_ISA_USAGE = YES_ERROR;
				CLANG_WARN_EMPTY_BODY = YES;
				CLANG_WARN_ENUM_CONVERSION = YES;
				CLANG_WARN_INT_CONVERSION = YES;
				CLANG_WARN_OBJC_ROOT_CLASS = YES_ERROR;
				CLANG_WARN_UNREACHABLE_CODE = YES;
				CLANG_WARN__DUPLICATE_METHOD_MATCH = YES;
				"CODE_SIGN_IDENTITY[sdk=iphoneos*]" = "iPhone Developer";
				COPY_PHASE_STRIP = NO;
				DEBUG_INFORMATION_FORMAT = "dwarf-with-dsym";
				ENABLE_NS_ASSERTIONS = NO;
				ENABLE_STRICT_OBJC_MSGSEND = YES;
				GCC_C_LANGUAGE_STANDARD = gnu99;
				GCC_NO_COMMON_BLOCKS = YES;
				GCC_WARN_64_TO_32_BIT_CONVERSION = YES;
				GCC_WARN_ABOUT_RETURN_TYPE = YES_ERROR;
				GCC_WARN_UNDECLARED_SELECTOR = YES;
				GCC_WARN_UNINITIALIZED_AUTOS = YES_AGGRESSIVE;
				GCC_WARN_UNUSED_FUNCTION = YES;
				GCC_WARN_UNUSED_VARIABLE = YES;
				IPHONEOS_DEPLOYMENT_TARGET = 9.3;
				MTL_ENABLE_DEBUG_INFO = NO;
				SDKROOT = iphoneos;
				TARGETED_DEVICE_FAMILY = "1,2";
				VALIDATE_PRODUCT = YES;
			};
			name = Release;
		};
		006E60F11D4A575700F72CDB /* Debug */ = {
			isa = XCBuildConfiguration;
			buildSettings = {
				ASSETCATALOG_COMPILER_APPICON_NAME = AppIcon;
				ASSETCATALOG_COMPILER_LAUNCHIMAGE_NAME = "Brand Assets";
				EMBEDDED_CONTENT_CONTAINS_SWIFT = YES;
				INFOPLIST_FILE = "swifty-companion/Info.plist";
				LD_RUNPATH_SEARCH_PATHS = "$(inherited) @executable_path/Frameworks";
				PRODUCT_BUNDLE_IDENTIFIER = "com.example.swifty-companion";
				PRODUCT_NAME = "$(TARGET_NAME)";
			};
			name = Debug;
		};
		006E60F21D4A575700F72CDB /* Release */ = {
			isa = XCBuildConfiguration;
			buildSettings = {
				ASSETCATALOG_COMPILER_APPICON_NAME = AppIcon;
				ASSETCATALOG_COMPILER_LAUNCHIMAGE_NAME = "Brand Assets";
				EMBEDDED_CONTENT_CONTAINS_SWIFT = YES;
				INFOPLIST_FILE = "swifty-companion/Info.plist";
				LD_RUNPATH_SEARCH_PATHS = "$(inherited) @executable_path/Frameworks";
				PRODUCT_BUNDLE_IDENTIFIER = "com.example.swifty-companion";
				PRODUCT_NAME = "$(TARGET_NAME)";
			};
			name = Release;
		};
		006E60F41D4A575700F72CDB /* Debug */ = {
			isa = XCBuildConfiguration;
			buildSettings = {
				BUNDLE_LOADER = "$(TEST_HOST)";
				INFOPLIST_FILE = "swifty-companionTests/Info.plist";
				LD_RUNPATH_SEARCH_PATHS = "$(inherited) @executable_path/Frameworks @loader_path/Frameworks";
				PRODUCT_BUNDLE_IDENTIFIER = "com.example.swifty-companionTests";
				PRODUCT_NAME = "$(TARGET_NAME)";
				TEST_HOST = "$(BUILT_PRODUCTS_DIR)/swifty-companion.app/swifty-companion";
			};
			name = Debug;
		};
		006E60F51D4A575700F72CDB /* Release */ = {
			isa = XCBuildConfiguration;
			buildSettings = {
				BUNDLE_LOADER = "$(TEST_HOST)";
				INFOPLIST_FILE = "swifty-companionTests/Info.plist";
				LD_RUNPATH_SEARCH_PATHS = "$(inherited) @executable_path/Frameworks @loader_path/Frameworks";
				PRODUCT_BUNDLE_IDENTIFIER = "com.example.swifty-companionTests";
				PRODUCT_NAME = "$(TARGET_NAME)";
				TEST_HOST = "$(BUILT_PRODUCTS_DIR)/swifty-companion.app/swifty-companion";
			};
			name = Release;
		};
/* End XCBuildConfiguration section */

/* Begin XCConfigurationList section */
		006E60CE1D4A575700F72CDB /* Build configuration list for PBXProject "swifty-companion" */ = {
			isa = XCConfigurationList;
			buildConfigurations = (
				006E60EE1D4A575700F72CDB /* Debug */,
				006E60EF1D4A575700F72CDB /* Release */,
			);
			defaultConfigurationIsVisible = 0;
			defaultConfigurationName = Release;
		};
		006E60F01D4A575700F72CDB /* Build configuration list for PBXNativeTarget "swifty-companion" */ = {
			isa = XCConfigurationList;
			buildConfigurations = (
				006E60F11D4A575700F72CDB /* Debug */,
				006E60F21D4A575700F72CDB /* Release */,
			);
			defaultConfigurationIsVisible = 0;
			defaultConfigurationName = Release;
		};
		006E60F31D4A575700F72CDB /* Build configuration list for PBXNativeTarget "swifty-companionTests" */ = {
			isa = XCConfigurationList;
			buildConfigurations = (
				006E60F41D4A575700F72CDB /* Debug */,
				006E60F51D4A575700F72CDB /* Release */,
			);
			defaultConfigurationIsVisible = 0;
			defaultConfigurationName = Release;
		};
/* End XCConfigurationList section */
	};
	rootObject = 006E60CB1D4A575700F72CDB /* Project object */;
}
